
Microsoft Visual Studio Solution File, Format Version 12.00
# Visual Studio 15
VisualStudioVersion = 15.0.28307.779
MinimumVisualStudioVersion = 10.0.40219.1
Project("{FAE04EC0-301F-11D3-BF4B-00C04F79EFBC}") = "SscExportPlugin", "SscExportPlugin\SscExportPlugin.csproj", "{6CCA7464-3389-49AC-B2BF-7BBE4191277B}"
EndProject
Global
	GlobalSection(SolutionConfigurationPlatforms) = preSolution
		Debug|Any CPU = Debug|Any CPU
		Release|Any CPU = Release|Any CPU
	EndGlobalSection
	GlobalSection(ProjectConfigurationPlatforms) = postSolution
		{6CCA7464-3389-49AC-B2BF-7BBE4191277B}.Debug|Any CPU.ActiveCfg = Debug|Any CPU
		{6CCA7464-3389-49AC-B2BF-7BBE4191277B}.Debug|Any CPU.Build.0 = Debug|Any CPU
		{6CCA7464-3389-49AC-B2BF-7BBE4191277B}.Release|Any CPU.ActiveCfg = Release|Any CPU
		{6CCA7464-3389-49AC-B2BF-7BBE4191277B}.Release|Any CPU.Build.0 = Release|Any CPU
	EndGlobalSection
	GlobalSection(SolutionProperties) = preSolution
		HideSolutionNode = FALSE
	EndGlobalSection
	GlobalSection(ExtensibilityGlobals) = postSolution
		SolutionGuid = {3E191A4F-B8E0-4B59-B8C0-DAD110002A48}
	EndGlobalSection
EndGlobal
